// !$*UTF8*$!
{
	archiveVersion = 1;
	classes = {
	};
	objectVersion = 51;
	objects = {

/* Begin PBXBuildFile section */
		63709CB42672C267649F9AE5 /* Pods_TravisPOC.framework in Frameworks */ = {isa = PBXBuildFile; fileRef = 60309208040A95D61034EAEC /* Pods_TravisPOC.framework */; };
		FAD53CA5254AD6A700BF3F62 /* AppDelegate.swift in Sources */ = {isa = PBXBuildFile; fileRef = FAD53CA4254AD6A700BF3F62 /* AppDelegate.swift */; };
		FAD53CA7254AD6A700BF3F62 /* SceneDelegate.swift in Sources */ = {isa = PBXBuildFile; fileRef = FAD53CA6254AD6A700BF3F62 /* SceneDelegate.swift */; };
		FAD53CA9254AD6A700BF3F62 /* ViewController.swift in Sources */ = {isa = PBXBuildFile; fileRef = FAD53CA8254AD6A700BF3F62 /* ViewController.swift */; };
		FAD53CAC254AD6A700BF3F62 /* Main.storyboard in Resources */ = {isa = PBXBuildFile; fileRef = FAD53CAA254AD6A700BF3F62 /* Main.storyboard */; };
		FAD53CAE254AD6A900BF3F62 /* Assets.xcassets in Resources */ = {isa = PBXBuildFile; fileRef = FAD53CAD254AD6A900BF3F62 /* Assets.xcassets */; };
		FAD53CB1254AD6A900BF3F62 /* LaunchScreen.storyboard in Resources */ = {isa = PBXBuildFile; fileRef = FAD53CAF254AD6A900BF3F62 /* LaunchScreen.storyboard */; };
		FAD53CBC254AD6AA00BF3F62 /* TravisPOCTests.swift in Sources */ = {isa = PBXBuildFile; fileRef = FAD53CBB254AD6AA00BF3F62 /* TravisPOCTests.swift */; };
		FAD53CC7254AD6AA00BF3F62 /* TravisPOCUITests.swift in Sources */ = {isa = PBXBuildFile; fileRef = FAD53CC6254AD6AA00BF3F62 /* TravisPOCUITests.swift */; };
/* End PBXBuildFile section */

/* Begin PBXContainerItemProxy section */
		FAD53CB8254AD6AA00BF3F62 /* PBXContainerItemProxy */ = {
			isa = PBXContainerItemProxy;
			containerPortal = FAD53C99254AD6A700BF3F62 /* Project object */;
			proxyType = 1;
			remoteGlobalIDString = FAD53CA0254AD6A700BF3F62;
			remoteInfo = TravisPOC;
		};
		FAD53CC3254AD6AA00BF3F62 /* PBXContainerItemProxy */ = {
			isa = PBXContainerItemProxy;
			containerPortal = FAD53C99254AD6A700BF3F62 /* Project object */;
			proxyType = 1;
			remoteGlobalIDString = FAD53CA0254AD6A700BF3F62;
			remoteInfo = TravisPOC;
		};
/* End PBXContainerItemProxy section */

/* Begin PBXFileReference section */
		60309208040A95D61034EAEC /* Pods_TravisPOC.framework */ = {isa = PBXFileReference; explicitFileType = wrapper.framework; includeInIndex = 0; path = Pods_TravisPOC.framework; sourceTree = BUILT_PRODUCTS_DIR; };
		934D4D221FEA8C3FED6CD672 /* Pods-TravisPOC.debug.xcconfig */ = {isa = PBXFileReference; includeInIndex = 1; lastKnownFileType = text.xcconfig; name = "Pods-TravisPOC.debug.xcconfig"; path = "Target Support Files/Pods-TravisPOC/Pods-TravisPOC.debug.xcconfig"; sourceTree = "<group>"; };
		98F8D908B7EA8CD5D703DCCD /* Pods-TravisPOC.release.xcconfig */ = {isa = PBXFileReference; includeInIndex = 1; lastKnownFileType = text.xcconfig; name = "Pods-TravisPOC.release.xcconfig"; path = "Target Support Files/Pods-TravisPOC/Pods-TravisPOC.release.xcconfig"; sourceTree = "<group>"; };
		FAD53CA1254AD6A700BF3F62 /* TravisPOC.app */ = {isa = PBXFileReference; explicitFileType = wrapper.application; includeInIndex = 0; path = TravisPOC.app; sourceTree = BUILT_PRODUCTS_DIR; };
		FAD53CA4254AD6A700BF3F62 /* AppDelegate.swift */ = {isa = PBXFileReference; lastKnownFileType = sourcecode.swift; path = AppDelegate.swift; sourceTree = "<group>"; };
		FAD53CA6254AD6A700BF3F62 /* SceneDelegate.swift */ = {isa = PBXFileReference; lastKnownFileType = sourcecode.swift; path = SceneDelegate.swift; sourceTree = "<group>"; };
		FAD53CA8254AD6A700BF3F62 /* ViewController.swift */ = {isa = PBXFileReference; lastKnownFileType = sourcecode.swift; path = ViewController.swift; sourceTree = "<group>"; };
		FAD53CAB254AD6A700BF3F62 /* Base */ = {isa = PBXFileReference; lastKnownFileType = file.storyboard; name = Base; path = Base.lproj/Main.storyboard; sourceTree = "<group>"; };
		FAD53CAD254AD6A900BF3F62 /* Assets.xcassets */ = {isa = PBXFileReference; lastKnownFileType = folder.assetcatalog; path = Assets.xcassets; sourceTree = "<group>"; };
		FAD53CB0254AD6A900BF3F62 /* Base */ = {isa = PBXFileReference; lastKnownFileType = file.storyboard; name = Base; path = Base.lproj/LaunchScreen.storyboard; sourceTree = "<group>"; };
		FAD53CB2254AD6A900BF3F62 /* Info.plist */ = {isa = PBXFileReference; lastKnownFileType = text.plist.xml; path = Info.plist; sourceTree = "<group>"; };
		FAD53CB7254AD6AA00BF3F62 /* TravisPOCTests.xctest */ = {isa = PBXFileReference; explicitFileType = wrapper.cfbundle; includeInIndex = 0; path = TravisPOCTests.xctest; sourceTree = BUILT_PRODUCTS_DIR; };
		FAD53CBB254AD6AA00BF3F62 /* TravisPOCTests.swift */ = {isa = PBXFileReference; lastKnownFileType = sourcecode.swift; path = TravisPOCTests.swift; sourceTree = "<group>"; };
		FAD53CBD254AD6AA00BF3F62 /* Info.plist */ = {isa = PBXFileReference; lastKnownFileType = text.plist.xml; path = Info.plist; sourceTree = "<group>"; };
		FAD53CC2254AD6AA00BF3F62 /* TravisPOCUITests.xctest */ = {isa = PBXFileReference; explicitFileType = wrapper.cfbundle; includeInIndex = 0; path = TravisPOCUITests.xctest; sourceTree = BUILT_PRODUCTS_DIR; };
		FAD53CC6254AD6AA00BF3F62 /* TravisPOCUITests.swift */ = {isa = PBXFileReference; lastKnownFileType = sourcecode.swift; path = TravisPOCUITests.swift; sourceTree = "<group>"; };
		FAD53CC8254AD6AA00BF3F62 /* Info.plist */ = {isa = PBXFileReference; lastKnownFileType = text.plist.xml; path = Info.plist; sourceTree = "<group>"; };
/* End PBXFileReference section */

/* Begin PBXFrameworksBuildPhase section */
		FAD53C9E254AD6A700BF3F62 /* Frameworks */ = {
			isa = PBXFrameworksBuildPhase;
			buildActionMask = 2147483647;
			files = (
				63709CB42672C267649F9AE5 /* Pods_TravisPOC.framework in Frameworks */,
			);
			runOnlyForDeploymentPostprocessing = 0;
		};
		FAD53CB4254AD6AA00BF3F62 /* Frameworks */ = {
			isa = PBXFrameworksBuildPhase;
			buildActionMask = 2147483647;
			files = (
			);
			runOnlyForDeploymentPostprocessing = 0;
		};
		FAD53CBF254AD6AA00BF3F62 /* Frameworks */ = {
			isa = PBXFrameworksBuildPhase;
			buildActionMask = 2147483647;
			files = (
			);
			runOnlyForDeploymentPostprocessing = 0;
		};
/* End PBXFrameworksBuildPhase section */

/* Begin PBXGroup section */
		753BC89F49B285CA836122A4 /* Frameworks */ = {
			isa = PBXGroup;
			children = (
				60309208040A95D61034EAEC /* Pods_TravisPOC.framework */,
			);
			name = Frameworks;
			sourceTree = "<group>";
		};
		77D7F95A506A26C2D03DD0DC /* Pods */ = {
			isa = PBXGroup;
			children = (
				934D4D221FEA8C3FED6CD672 /* Pods-TravisPOC.debug.xcconfig */,
				98F8D908B7EA8CD5D703DCCD /* Pods-TravisPOC.release.xcconfig */,
			);
			path = Pods;
			sourceTree = "<group>";
		};
		FAD53C98254AD6A700BF3F62 = {
			isa = PBXGroup;
			children = (
				FAD53CA3254AD6A700BF3F62 /* TravisPOC */,
				FAD53CBA254AD6AA00BF3F62 /* TravisPOCTests */,
				FAD53CC5254AD6AA00BF3F62 /* TravisPOCUITests */,
				FAD53CA2254AD6A700BF3F62 /* Products */,
				77D7F95A506A26C2D03DD0DC /* Pods */,
				753BC89F49B285CA836122A4 /* Frameworks */,
			);
			sourceTree = "<group>";
		};
		FAD53CA2254AD6A700BF3F62 /* Products */ = {
			isa = PBXGroup;
			children = (
				FAD53CA1254AD6A700BF3F62 /* TravisPOC.app */,
				FAD53CB7254AD6AA00BF3F62 /* TravisPOCTests.xctest */,
				FAD53CC2254AD6AA00BF3F62 /* TravisPOCUITests.xctest */,
			);
			name = Products;
			sourceTree = "<group>";
		};
		FAD53CA3254AD6A700BF3F62 /* TravisPOC */ = {
			isa = PBXGroup;
			children = (
				FAD53CA4254AD6A700BF3F62 /* AppDelegate.swift */,
				FAD53CA6254AD6A700BF3F62 /* SceneDelegate.swift */,
				FAD53CA8254AD6A700BF3F62 /* ViewController.swift */,
				FAD53CAA254AD6A700BF3F62 /* Main.storyboard */,
				FAD53CAD254AD6A900BF3F62 /* Assets.xcassets */,
				FAD53CAF254AD6A900BF3F62 /* LaunchScreen.storyboard */,
				FAD53CB2254AD6A900BF3F62 /* Info.plist */,
			);
			path = TravisPOC;
			sourceTree = "<group>";
		};
		FAD53CBA254AD6AA00BF3F62 /* TravisPOCTests */ = {
			isa = PBXGroup;
			children = (
				FAD53CBB254AD6AA00BF3F62 /* TravisPOCTests.swift */,
				FAD53CBD254AD6AA00BF3F62 /* Info.plist */,
			);
			path = TravisPOCTests;
			sourceTree = "<group>";
		};
		FAD53CC5254AD6AA00BF3F62 /* TravisPOCUITests */ = {
			isa = PBXGroup;
			children = (
				FAD53CC6254AD6AA00BF3F62 /* TravisPOCUITests.swift */,
				FAD53CC8254AD6AA00BF3F62 /* Info.plist */,
			);
			path = TravisPOCUITests;
			sourceTree = "<group>";
		};
/* End PBXGroup section */

/* Begin PBXNativeTarget section */
		FAD53CA0254AD6A700BF3F62 /* TravisPOC */ = {
			isa = PBXNativeTarget;
			buildConfigurationList = FAD53CCB254AD6AA00BF3F62 /* Build configuration list for PBXNativeTarget "TravisPOC" */;
			buildPhases = (
				614D0725A44C70025B284BAB /* [CP] Check Pods Manifest.lock */,
				FAD53C9D254AD6A700BF3F62 /* Sources */,
				FAD53C9E254AD6A700BF3F62 /* Frameworks */,
				FAD53C9F254AD6A700BF3F62 /* Resources */,
				C4246AF0092EAB3C2B2436B8 /* [CP] Embed Pods Frameworks */,
				FA8D7CAD254BCABE00C52FE7 /* Update version and build number */,
			);
			buildRules = (
			);
			dependencies = (
			);
			name = TravisPOC;
			productName = TravisPOC;
			productReference = FAD53CA1254AD6A700BF3F62 /* TravisPOC.app */;
			productType = "com.apple.product-type.application";
		};
		FAD53CB6254AD6AA00BF3F62 /* TravisPOCTests */ = {
			isa = PBXNativeTarget;
			buildConfigurationList = FAD53CCE254AD6AA00BF3F62 /* Build configuration list for PBXNativeTarget "TravisPOCTests" */;
			buildPhases = (
				FAD53CB3254AD6AA00BF3F62 /* Sources */,
				FAD53CB4254AD6AA00BF3F62 /* Frameworks */,
				FAD53CB5254AD6AA00BF3F62 /* Resources */,
			);
			buildRules = (
			);
			dependencies = (
				FAD53CB9254AD6AA00BF3F62 /* PBXTargetDependency */,
			);
			name = TravisPOCTests;
			productName = TravisPOCTests;
			productReference = FAD53CB7254AD6AA00BF3F62 /* TravisPOCTests.xctest */;
			productType = "com.apple.product-type.bundle.unit-test";
		};
		FAD53CC1254AD6AA00BF3F62 /* TravisPOCUITests */ = {
			isa = PBXNativeTarget;
			buildConfigurationList = FAD53CD1254AD6AA00BF3F62 /* Build configuration list for PBXNativeTarget "TravisPOCUITests" */;
			buildPhases = (
				FAD53CBE254AD6AA00BF3F62 /* Sources */,
				FAD53CBF254AD6AA00BF3F62 /* Frameworks */,
				FAD53CC0254AD6AA00BF3F62 /* Resources */,
			);
			buildRules = (
			);
			dependencies = (
				FAD53CC4254AD6AA00BF3F62 /* PBXTargetDependency */,
			);
			name = TravisPOCUITests;
			productName = TravisPOCUITests;
			productReference = FAD53CC2254AD6AA00BF3F62 /* TravisPOCUITests.xctest */;
			productType = "com.apple.product-type.bundle.ui-testing";
		};
/* End PBXNativeTarget section */

/* Begin PBXProject section */
		FAD53C99254AD6A700BF3F62 /* Project object */ = {
			isa = PBXProject;
			attributes = {
				LastSwiftUpdateCheck = 1200;
				LastUpgradeCheck = 1200;
				TargetAttributes = {
					FAD53CA0254AD6A700BF3F62 = {
						CreatedOnToolsVersion = 12.0.1;
					};
					FAD53CB6254AD6AA00BF3F62 = {
						CreatedOnToolsVersion = 12.0.1;
						TestTargetID = FAD53CA0254AD6A700BF3F62;
					};
					FAD53CC1254AD6AA00BF3F62 = {
						CreatedOnToolsVersion = 12.0.1;
						TestTargetID = FAD53CA0254AD6A700BF3F62;
					};
				};
			};
			buildConfigurationList = FAD53C9C254AD6A700BF3F62 /* Build configuration list for PBXProject "TravisPOC" */;
			compatibilityVersion = "Xcode 9.3";
			developmentRegion = en;
			hasScannedForEncodings = 0;
			knownRegions = (
				en,
				Base,
			);
			mainGroup = FAD53C98254AD6A700BF3F62;
			productRefGroup = FAD53CA2254AD6A700BF3F62 /* Products */;
			projectDirPath = "";
			projectRoot = "";
			targets = (
				FAD53CA0254AD6A700BF3F62 /* TravisPOC */,
				FAD53CB6254AD6AA00BF3F62 /* TravisPOCTests */,
				FAD53CC1254AD6AA00BF3F62 /* TravisPOCUITests */,
			);
		};
/* End PBXProject section */

/* Begin PBXResourcesBuildPhase section */
		FAD53C9F254AD6A700BF3F62 /* Resources */ = {
			isa = PBXResourcesBuildPhase;
			buildActionMask = 2147483647;
			files = (
				FAD53CB1254AD6A900BF3F62 /* LaunchScreen.storyboard in Resources */,
				FAD53CAE254AD6A900BF3F62 /* Assets.xcassets in Resources */,
				FAD53CAC254AD6A700BF3F62 /* Main.storyboard in Resources */,
			);
			runOnlyForDeploymentPostprocessing = 0;
		};
		FAD53CB5254AD6AA00BF3F62 /* Resources */ = {
			isa = PBXResourcesBuildPhase;
			buildActionMask = 2147483647;
			files = (
			);
			runOnlyForDeploymentPostprocessing = 0;
		};
		FAD53CC0254AD6AA00BF3F62 /* Resources */ = {
			isa = PBXResourcesBuildPhase;
			buildActionMask = 2147483647;
			files = (
			);
			runOnlyForDeploymentPostprocessing = 0;
		};
/* End PBXResourcesBuildPhase section */

/* Begin PBXShellScriptBuildPhase section */
		614D0725A44C70025B284BAB /* [CP] Check Pods Manifest.lock */ = {
			isa = PBXShellScriptBuildPhase;
			buildActionMask = 2147483647;
			files = (
			);
			inputFileListPaths = (
			);
			inputPaths = (
				"${PODS_PODFILE_DIR_PATH}/Podfile.lock",
				"${PODS_ROOT}/Manifest.lock",
			);
			name = "[CP] Check Pods Manifest.lock";
			outputFileListPaths = (
			);
			outputPaths = (
				"$(DERIVED_FILE_DIR)/Pods-TravisPOC-checkManifestLockResult.txt",
			);
			runOnlyForDeploymentPostprocessing = 0;
			shellPath = /bin/sh;
			shellScript = "diff \"${PODS_PODFILE_DIR_PATH}/Podfile.lock\" \"${PODS_ROOT}/Manifest.lock\" > /dev/null\nif [ $? != 0 ] ; then\n    # print error to STDERR\n    echo \"error: The sandbox is not in sync with the Podfile.lock. Run 'pod install' or update your CocoaPods installation.\" >&2\n    exit 1\nfi\n# This output is used by Xcode 'outputs' to avoid re-running this script phase.\necho \"SUCCESS\" > \"${SCRIPT_OUTPUT_FILE_0}\"\n";
			showEnvVarsInLog = 0;
		};
		C4246AF0092EAB3C2B2436B8 /* [CP] Embed Pods Frameworks */ = {
			isa = PBXShellScriptBuildPhase;
			buildActionMask = 2147483647;
			files = (
			);
			inputFileListPaths = (
				"${PODS_ROOT}/Target Support Files/Pods-TravisPOC/Pods-TravisPOC-frameworks-${CONFIGURATION}-input-files.xcfilelist",
			);
			name = "[CP] Embed Pods Frameworks";
			outputFileListPaths = (
				"${PODS_ROOT}/Target Support Files/Pods-TravisPOC/Pods-TravisPOC-frameworks-${CONFIGURATION}-output-files.xcfilelist",
			);
			runOnlyForDeploymentPostprocessing = 0;
			shellPath = /bin/sh;
			shellScript = "\"${PODS_ROOT}/Target Support Files/Pods-TravisPOC/Pods-TravisPOC-frameworks.sh\"\n";
			showEnvVarsInLog = 0;
		};
		FA8D7CAD254BCABE00C52FE7 /* Update version and build number */ = {
			isa = PBXShellScriptBuildPhase;
			buildActionMask = 2147483647;
			files = (
			);
			inputFileListPaths = (
			);
			inputPaths = (
			);
			name = "Update version and build number";
			outputFileListPaths = (
			);
			outputPaths = (
			);
			runOnlyForDeploymentPostprocessing = 0;
			shellPath = /bin/sh;
			shellScript = "# UPDATE VERSION INFORMATION FROM GIT\n\necho \"${TARGET_BUILD_DIR}/${INFOPLIST_PATH}\"\n\nif [ -n \"$BUNDLE_ID_SUFFIX\" ]; then\n    echo \"Detected $BUNDLE_ID_SUFFIX build\"\n    /usr/libexec/PlistBuddy -c \"Set :CFBundleShortVersionString `git rev-parse --short HEAD`\" \"${TARGET_BUILD_DIR}/${INFOPLIST_PATH}\"\nfi\n\nif [ -n \"$TRAVIS_BUILD_NUMBER\" ]; then\n    /usr/libexec/PlistBuddy -c \"Set :CFBundleVersion ${TRAVIS_BUILD_NUMBER}\" \"${TARGET_BUILD_DIR}/${INFOPLIST_PATH}\"\nelse\n    /usr/libexec/PlistBuddy -c \"Set :CFBundleVersion `git rev-list --all|wc -l`\" \"${TARGET_BUILD_DIR}/${INFOPLIST_PATH}\"\nfi\n";
		};
/* End PBXShellScriptBuildPhase section */

/* Begin PBXSourcesBuildPhase section */
		FAD53C9D254AD6A700BF3F62 /* Sources */ = {
			isa = PBXSourcesBuildPhase;
			buildActionMask = 2147483647;
			files = (
				FAD53CA9254AD6A700BF3F62 /* ViewController.swift in Sources */,
				FAD53CA5254AD6A700BF3F62 /* AppDelegate.swift in Sources */,
				FAD53CA7254AD6A700BF3F62 /* SceneDelegate.swift in Sources */,
			);
			runOnlyForDeploymentPostprocessing = 0;
		};
		FAD53CB3254AD6AA00BF3F62 /* Sources */ = {
			isa = PBXSourcesBuildPhase;
			buildActionMask = 2147483647;
			files = (
				FAD53CBC254AD6AA00BF3F62 /* TravisPOCTests.swift in Sources */,
			);
			runOnlyForDeploymentPostprocessing = 0;
		};
		FAD53CBE254AD6AA00BF3F62 /* Sources */ = {
			isa = PBXSourcesBuildPhase;
			buildActionMask = 2147483647;
			files = (
				FAD53CC7254AD6AA00BF3F62 /* TravisPOCUITests.swift in Sources */,
			);
			runOnlyForDeploymentPostprocessing = 0;
		};
/* End PBXSourcesBuildPhase section */

/* Begin PBXTargetDependency section */
		FAD53CB9254AD6AA00BF3F62 /* PBXTargetDependency */ = {
			isa = PBXTargetDependency;
			target = FAD53CA0254AD6A700BF3F62 /* TravisPOC */;
			targetProxy = FAD53CB8254AD6AA00BF3F62 /* PBXContainerItemProxy */;
		};
		FAD53CC4254AD6AA00BF3F62 /* PBXTargetDependency */ = {
			isa = PBXTargetDependency;
			target = FAD53CA0254AD6A700BF3F62 /* TravisPOC */;
			targetProxy = FAD53CC3254AD6AA00BF3F62 /* PBXContainerItemProxy */;
		};
/* End PBXTargetDependency section */

/* Begin PBXVariantGroup section */
		FAD53CAA254AD6A700BF3F62 /* Main.storyboard */ = {
			isa = PBXVariantGroup;
			children = (
				FAD53CAB254AD6A700BF3F62 /* Base */,
			);
			name = Main.storyboard;
			sourceTree = "<group>";
		};
		FAD53CAF254AD6A900BF3F62 /* LaunchScreen.storyboard */ = {
			isa = PBXVariantGroup;
			children = (
				FAD53CB0254AD6A900BF3F62 /* Base */,
			);
			name = LaunchScreen.storyboard;
			sourceTree = "<group>";
		};
/* End PBXVariantGroup section */

/* Begin XCBuildConfiguration section */
		FAD53CC9254AD6AA00BF3F62 /* Debug */ = {
			isa = XCBuildConfiguration;
			buildSettings = {
				ALWAYS_SEARCH_USER_PATHS = NO;
				CLANG_ANALYZER_NONNULL = YES;
				CLANG_ANALYZER_NUMBER_OBJECT_CONVERSION = YES_AGGRESSIVE;
				CLANG_CXX_LANGUAGE_STANDARD = "gnu++14";
				CLANG_CXX_LIBRARY = "libc++";
				CLANG_ENABLE_MODULES = YES;
				CLANG_ENABLE_OBJC_ARC = YES;
				CLANG_ENABLE_OBJC_WEAK = YES;
				CLANG_WARN_BLOCK_CAPTURE_AUTORELEASING = YES;
				CLANG_WARN_BOOL_CONVERSION = YES;
				CLANG_WARN_COMMA = YES;
				CLANG_WARN_CONSTANT_CONVERSION = YES;
				CLANG_WARN_DEPRECATED_OBJC_IMPLEMENTATIONS = YES;
				CLANG_WARN_DIRECT_OBJC_ISA_USAGE = YES_ERROR;
				CLANG_WARN_DOCUMENTATION_COMMENTS = YES;
				CLANG_WARN_EMPTY_BODY = YES;
				CLANG_WARN_ENUM_CONVERSION = YES;
				CLANG_WARN_INFINITE_RECURSION = YES;
				CLANG_WARN_INT_CONVERSION = YES;
				CLANG_WARN_NON_LITERAL_NULL_CONVERSION = YES;
				CLANG_WARN_OBJC_IMPLICIT_RETAIN_SELF = YES;
				CLANG_WARN_OBJC_LITERAL_CONVERSION = YES;
				CLANG_WARN_OBJC_ROOT_CLASS = YES_ERROR;
				CLANG_WARN_QUOTED_INCLUDE_IN_FRAMEWORK_HEADER = YES;
				CLANG_WARN_RANGE_LOOP_ANALYSIS = YES;
				CLANG_WARN_STRICT_PROTOTYPES = YES;
				CLANG_WARN_SUSPICIOUS_MOVE = YES;
				CLANG_WARN_UNGUARDED_AVAILABILITY = YES_AGGRESSIVE;
				CLANG_WARN_UNREACHABLE_CODE = YES;
				CLANG_WARN__DUPLICATE_METHOD_MATCH = YES;
				COPY_PHASE_STRIP = NO;
				DEBUG_INFORMATION_FORMAT = dwarf;
				ENABLE_STRICT_OBJC_MSGSEND = YES;
				ENABLE_TESTABILITY = YES;
				GCC_C_LANGUAGE_STANDARD = gnu11;
				GCC_DYNAMIC_NO_PIC = NO;
				GCC_NO_COMMON_BLOCKS = YES;
				GCC_OPTIMIZATION_LEVEL = 0;
				GCC_PREPROCESSOR_DEFINITIONS = (
					"DEBUG=1",
					"$(inherited)",
				);
				GCC_WARN_64_TO_32_BIT_CONVERSION = YES;
				GCC_WARN_ABOUT_RETURN_TYPE = YES_ERROR;
				GCC_WARN_UNDECLARED_SELECTOR = YES;
				GCC_WARN_UNINITIALIZED_AUTOS = YES_AGGRESSIVE;
				GCC_WARN_UNUSED_FUNCTION = YES;
				GCC_WARN_UNUSED_VARIABLE = YES;
				IPHONEOS_DEPLOYMENT_TARGET = 14.0;
				MTL_ENABLE_DEBUG_INFO = INCLUDE_SOURCE;
				MTL_FAST_MATH = YES;
				ONLY_ACTIVE_ARCH = YES;
				SDKROOT = iphoneos;
				SWIFT_ACTIVE_COMPILATION_CONDITIONS = DEBUG;
				SWIFT_OPTIMIZATION_LEVEL = "-Onone";
			};
			name = Debug;
		};
		FAD53CCA254AD6AA00BF3F62 /* Release */ = {
			isa = XCBuildConfiguration;
			buildSettings = {
				ALWAYS_SEARCH_USER_PATHS = NO;
				CLANG_ANALYZER_NONNULL = YES;
				CLANG_ANALYZER_NUMBER_OBJECT_CONVERSION = YES_AGGRESSIVE;
				CLANG_CXX_LANGUAGE_STANDARD = "gnu++14";
				CLANG_CXX_LIBRARY = "libc++";
				CLANG_ENABLE_MODULES = YES;
				CLANG_ENABLE_OBJC_ARC = YES;
				CLANG_ENABLE_OBJC_WEAK = YES;
				CLANG_WARN_BLOCK_CAPTURE_AUTORELEASING = YES;
				CLANG_WARN_BOOL_CONVERSION = YES;
				CLANG_WARN_COMMA = YES;
				CLANG_WARN_CONSTANT_CONVERSION = YES;
				CLANG_WARN_DEPRECATED_OBJC_IMPLEMENTATIONS = YES;
				CLANG_WARN_DIRECT_OBJC_ISA_USAGE = YES_ERROR;
				CLANG_WARN_DOCUMENTATION_COMMENTS = YES;
				CLANG_WARN_EMPTY_BODY = YES;
				CLANG_WARN_ENUM_CONVERSION = YES;
				CLANG_WARN_INFINITE_RECURSION = YES;
				CLANG_WARN_INT_CONVERSION = YES;
				CLANG_WARN_NON_LITERAL_NULL_CONVERSION = YES;
				CLANG_WARN_OBJC_IMPLICIT_RETAIN_SELF = YES;
				CLANG_WARN_OBJC_LITERAL_CONVERSION = YES;
				CLANG_WARN_OBJC_ROOT_CLASS = YES_ERROR;
				CLANG_WARN_QUOTED_INCLUDE_IN_FRAMEWORK_HEADER = YES;
				CLANG_WARN_RANGE_LOOP_ANALYSIS = YES;
				CLANG_WARN_STRICT_PROTOTYPES = YES;
				CLANG_WARN_SUSPICIOUS_MOVE = YES;
				CLANG_WARN_UNGUARDED_AVAILABILITY = YES_AGGRESSIVE;
				CLANG_WARN_UNREACHABLE_CODE = YES;
				CLANG_WARN__DUPLICATE_METHOD_MATCH = YES;
				COPY_PHASE_STRIP = NO;
				DEBUG_INFORMATION_FORMAT = "dwarf-with-dsym";
				ENABLE_NS_ASSERTIONS = NO;
				ENABLE_STRICT_OBJC_MSGSEND = YES;
				GCC_C_LANGUAGE_STANDARD = gnu11;
				GCC_NO_COMMON_BLOCKS = YES;
				GCC_WARN_64_TO_32_BIT_CONVERSION = YES;
				GCC_WARN_ABOUT_RETURN_TYPE = YES_ERROR;
				GCC_WARN_UNDECLARED_SELECTOR = YES;
				GCC_WARN_UNINITIALIZED_AUTOS = YES_AGGRESSIVE;
				GCC_WARN_UNUSED_FUNCTION = YES;
				GCC_WARN_UNUSED_VARIABLE = YES;
				IPHONEOS_DEPLOYMENT_TARGET = 14.0;
				MTL_ENABLE_DEBUG_INFO = NO;
				MTL_FAST_MATH = YES;
				SDKROOT = iphoneos;
				SWIFT_COMPILATION_MODE = wholemodule;
				SWIFT_OPTIMIZATION_LEVEL = "-O";
				VALIDATE_PRODUCT = YES;
			};
			name = Release;
		};
		FAD53CCC254AD6AA00BF3F62 /* Debug */ = {
			isa = XCBuildConfiguration;
			baseConfigurationReference = 934D4D221FEA8C3FED6CD672 /* Pods-TravisPOC.debug.xcconfig */;
			buildSettings = {
				ASSETCATALOG_COMPILER_APPICON_NAME = AppIcon;
				ASSETCATALOG_COMPILER_GLOBAL_ACCENT_COLOR_NAME = AccentColor;
				CODE_SIGN_IDENTITY = "Apple Development";
				CODE_SIGN_STYLE = Automatic;
				CURRENT_PROJECT_VERSION = 1;
				DEVELOPMENT_TEAM = 9MK85Q3FUY;
				INFOPLIST_FILE = TravisPOC/Info.plist;
				LD_RUNPATH_SEARCH_PATHS = (
					"$(inherited)",
					"@executable_path/Frameworks",
				);
				PRODUCT_BUNDLE_IDENTIFIER = com.test.TravisPOC;
				PRODUCT_NAME = "$(TARGET_NAME)";
				PROVISIONING_PROFILE_SPECIFIER = "";
				SWIFT_VERSION = 5.0;
				TARGETED_DEVICE_FAMILY = "1,2";
			};
			name = Debug;
		};
		FAD53CCD254AD6AA00BF3F62 /* Release */ = {
			isa = XCBuildConfiguration;
			baseConfigurationReference = 98F8D908B7EA8CD5D703DCCD /* Pods-TravisPOC.release.xcconfig */;
			buildSettings = {
				ASSETCATALOG_COMPILER_APPICON_NAME = AppIcon;
				ASSETCATALOG_COMPILER_GLOBAL_ACCENT_COLOR_NAME = AccentColor;
				CODE_SIGN_IDENTITY = "Apple Development";
				CODE_SIGN_STYLE = Automatic;
				CURRENT_PROJECT_VERSION = 1;
				DEVELOPMENT_TEAM = 9MK85Q3FUY;
				INFOPLIST_FILE = TravisPOC/Info.plist;
				LD_RUNPATH_SEARCH_PATHS = (
					"$(inherited)",
					"@executable_path/Frameworks",
				);
				PRODUCT_BUNDLE_IDENTIFIER = com.test.TravisPOC;
				PRODUCT_NAME = "$(TARGET_NAME)";
				PROVISIONING_PROFILE_SPECIFIER = "";
				SWIFT_VERSION = 5.0;
				TARGETED_DEVICE_FAMILY = "1,2";
			};
			name = Release;
		};
		FAD53CCF254AD6AA00BF3F62 /* Debug */ = {
			isa = XCBuildConfiguration;
			buildSettings = {
				ALWAYS_EMBED_SWIFT_STANDARD_LIBRARIES = YES;
				BUNDLE_LOADER = "$(TEST_HOST)";
				CODE_SIGN_STYLE = Automatic;
				INFOPLIST_FILE = TravisPOCTests/Info.plist;
				IPHONEOS_DEPLOYMENT_TARGET = 14.0;
				LD_RUNPATH_SEARCH_PATHS = (
					"$(inherited)",
					"@executable_path/Frameworks",
					"@loader_path/Frameworks",
				);
				PRODUCT_BUNDLE_IDENTIFIER = comtest.TravisPOCTests;
				PRODUCT_NAME = "$(TARGET_NAME)";
				SWIFT_VERSION = 5.0;
				TARGETED_DEVICE_FAMILY = "1,2";
				TEST_HOST = "$(BUILT_PRODUCTS_DIR)/TravisPOC.app/TravisPOC";
			};
			name = Debug;
		};
		FAD53CD0254AD6AA00BF3F62 /* Release */ = {
			isa = XCBuildConfiguration;
			buildSettings = {
				ALWAYS_EMBED_SWIFT_STANDARD_LIBRARIES = YES;
				BUNDLE_LOADER = "$(TEST_HOST)";
				CODE_SIGN_STYLE = Automatic;
				INFOPLIST_FILE = TravisPOCTests/Info.plist;
				IPHONEOS_DEPLOYMENT_TARGET = 14.0;
				LD_RUNPATH_SEARCH_PATHS = (
					"$(inherited)",
					"@executable_path/Frameworks",
					"@loader_path/Frameworks",
				);
				PRODUCT_BUNDLE_IDENTIFIER = comtest.TravisPOCTests;
				PRODUCT_NAME = "$(TARGET_NAME)";
				SWIFT_VERSION = 5.0;
				TARGETED_DEVICE_FAMILY = "1,2";
				TEST_HOST = "$(BUILT_PRODUCTS_DIR)/TravisPOC.app/TravisPOC";
			};
			name = Release;
		};
		FAD53CD2254AD6AA00BF3F62 /* Debug */ = {
			isa = XCBuildConfiguration;
			buildSettings = {
				ALWAYS_EMBED_SWIFT_STANDARD_LIBRARIES = YES;
				CODE_SIGN_STYLE = Automatic;
				INFOPLIST_FILE = TravisPOCUITests/Info.plist;
				LD_RUNPATH_SEARCH_PATHS = (
					"$(inherited)",
					"@executable_path/Frameworks",
					"@loader_path/Frameworks",
				);
				PRODUCT_BUNDLE_IDENTIFIER = comtest.TravisPOCUITests;
				PRODUCT_NAME = "$(TARGET_NAME)";
				SWIFT_VERSION = 5.0;
				TARGETED_DEVICE_FAMILY = "1,2";
				TEST_TARGET_NAME = TravisPOC;
			};
			name = Debug;
		};
		FAD53CD3254AD6AA00BF3F62 /* Release */ = {
			isa = XCBuildConfiguration;
			buildSettings = {
				ALWAYS_EMBED_SWIFT_STANDARD_LIBRARIES = YES;
				CODE_SIGN_STYLE = Automatic;
				INFOPLIST_FILE = TravisPOCUITests/Info.plist;
				LD_RUNPATH_SEARCH_PATHS = (
					"$(inherited)",
					"@executable_path/Frameworks",
					"@loader_path/Frameworks",
				);
				PRODUCT_BUNDLE_IDENTIFIER = comtest.TravisPOCUITests;
				PRODUCT_NAME = "$(TARGET_NAME)";
				SWIFT_VERSION = 5.0;
				TARGETED_DEVICE_FAMILY = "1,2";
				TEST_TARGET_NAME = TravisPOC;
			};
			name = Release;
		};
/* End XCBuildConfiguration section */

/* Begin XCConfigurationList section */
		FAD53C9C254AD6A700BF3F62 /* Build configuration list for PBXProject "TravisPOC" */ = {
			isa = XCConfigurationList;
			buildConfigurations = (
				FAD53CC9254AD6AA00BF3F62 /* Debug */,
				FAD53CCA254AD6AA00BF3F62 /* Release */,
			);
			defaultConfigurationIsVisible = 0;
			defaultConfigurationName = Release;
		};
		FAD53CCB254AD6AA00BF3F62 /* Build configuration list for PBXNativeTarget "TravisPOC" */ = {
			isa = XCConfigurationList;
			buildConfigurations = (
				FAD53CCC254AD6AA00BF3F62 /* Debug */,
				FAD53CCD254AD6AA00BF3F62 /* Release */,
			);
			defaultConfigurationIsVisible = 0;
			defaultConfigurationName = Release;
		};
		FAD53CCE254AD6AA00BF3F62 /* Build configuration list for PBXNativeTarget "TravisPOCTests" */ = {
			isa = XCConfigurationList;
			buildConfigurations = (
				FAD53CCF254AD6AA00BF3F62 /* Debug */,
				FAD53CD0254AD6AA00BF3F62 /* Release */,
			);
			defaultConfigurationIsVisible = 0;
			defaultConfigurationName = Release;
		};
		FAD53CD1254AD6AA00BF3F62 /* Build configuration list for PBXNativeTarget "TravisPOCUITests" */ = {
			isa = XCConfigurationList;
			buildConfigurations = (
				FAD53CD2254AD6AA00BF3F62 /* Debug */,
				FAD53CD3254AD6AA00BF3F62 /* Release */,
			);
			defaultConfigurationIsVisible = 0;
			defaultConfigurationName = Release;
		};
/* End XCConfigurationList section */
	};
	rootObject = FAD53C99254AD6A700BF3F62 /* Project object */;
}
